{
  "pins" : [
    {
      "identity" : "okterminalcolors",
      "kind" : "remoteSourceControl",
      "location" : "https://github.com/OberstKrueger/OKTerminalColors",
      "state" : {
        "revision" : "111c00af450c6c8b493c608c57a69f9d0d6fa95c",
        "version" : "1.0.0"
      }
    },
    {
      "identity" : "swift-argument-parser",
      "kind" : "remoteSourceControl",
      "location" : "https://github.com/apple/swift-argument-parser.git",
      "state" : {
        "revision" : "8f4d2753f0e4778c76d5f05ad16c74f707390531",
        "version" : "1.2.3"
      }
    }
  ],
  "version" : 2
}
